
Microsoft Visual Studio Solution File, Format Version 12.00
# Visual Studio Version 17
VisualStudioVersion = 17.4.33122.133
MinimumVisualStudioVersion = 10.0.40219.1
Project("{FAE04EC0-301F-11D3-BF4B-00C04F79EFBC}") = "GrubsongDamageScaling", "GrubsongDamageScaling\GrubsongDamageScaling.csproj", "{7F95F179-D79A-40D5-BE3F-32E2793340B0}"
EndProject
Project("{2150E333-8FDC-42A3-9474-1A3956D46DE8}") = "Solution Files", "Solution Files", "{7CA228B9-F97A-4484-9838-ABA6049C7FE6}"
	ProjectSection(SolutionItems) = preProject
		.github\workflows\build.yml = .github\workflows\build.yml
		.github\dependabot.yml = .github\dependabot.yml
		README.md = README.md
	EndProjectSection
EndProject
Global
	GlobalSection(SolutionConfigurationPlatforms) = preSolution
		Debug|Any CPU = Debug|Any CPU
		Release|Any CPU = Release|Any CPU
	EndGlobalSection
	GlobalSection(ProjectConfigurationPlatforms) = postSolution
		{7F95F179-D79A-40D5-BE3F-32E2793340B0}.Debug|Any CPU.ActiveCfg = Debug|Any CPU
		{7F95F179-D79A-40D5-BE3F-32E2793340B0}.Debug|Any CPU.Build.0 = Debug|Any CPU
		{7F95F179-D79A-40D5-BE3F-32E2793340B0}.Release|Any CPU.ActiveCfg = Release|Any CPU
		{7F95F179-D79A-40D5-BE3F-32E2793340B0}.Release|Any CPU.Build.0 = Release|Any CPU
	EndGlobalSection
	GlobalSection(SolutionProperties) = preSolution
		HideSolutionNode = FALSE
	EndGlobalSection
	GlobalSection(ExtensibilityGlobals) = postSolution
		SolutionGuid = {14D44333-27F1-438A-81A3-13846622170F}
	EndGlobalSection
EndGlobal
